// !$*UTF8*$!
{
	archiveVersion = 1;
	classes = {
	};
	objectVersion = 77;
	objects = {

/* Begin PBXBuildFile section */
		9584A7212E33C70400033950 /* FirebaseAnalytics in Frameworks */ = {isa = PBXBuildFile; productRef = 9584A7202E33C70400033950 /* FirebaseAnalytics */; };
		9584A7232E33C70400033950 /* FirebaseAppCheck in Frameworks */ = {isa = PBXBuildFile; productRef = 9584A7222E33C70400033950 /* FirebaseAppCheck */; };
		9584A7252E33C70400033950 /* FirebaseAppDistribution-Beta in Frameworks */ = {isa = PBXBuildFile; productRef = 9584A7242E33C70400033950 /* FirebaseAppDistribution-Beta */; };
		9584A7272E33C70400033950 /* FirebaseAuth in Frameworks */ = {isa = PBXBuildFile; productRef = 9584A7262E33C70400033950 /* FirebaseAuth */; };
		9584A7292E33C70400033950 /* FirebaseFirestore in Frameworks */ = {isa = PBXBuildFile; productRef = 9584A7282E33C70400033950 /* FirebaseFirestore */; };
		95CE25A62E365728001818FE /* GoogleService-Info.plist in Resources */ = {isa = PBXBuildFile; fileRef = 95CE25A52E365728001818FE /* GoogleService-Info.plist */; };
/* End PBXBuildFile section */

/* Begin PBXContainerItemProxy section */
		9525AD202D9F2181003D364E /* PBXContainerItemProxy */ = {
			isa = PBXContainerItemProxy;
			containerPortal = 9525AD0A2D9F217F003D364E /* Project object */;
			proxyType = 1;
			remoteGlobalIDString = 9525AD112D9F217F003D364E;
			remoteInfo = "Whist Scores";
		};
		9525AD2A2D9F2181003D364E /* PBXContainerItemProxy */ = {
			isa = PBXContainerItemProxy;
			containerPortal = 9525AD0A2D9F217F003D364E /* Project object */;
			proxyType = 1;
			remoteGlobalIDString = 9525AD112D9F217F003D364E;
			remoteInfo = "Whist Scores";
		};
/* End PBXContainerItemProxy section */

/* Begin PBXFileReference section */
		9525AD122D9F217F003D364E /* Whist Scores.app */ = {isa = PBXFileReference; explicitFileType = wrapper.application; includeInIndex = 0; path = "Whist Scores.app"; sourceTree = BUILT_PRODUCTS_DIR; };
		9525AD1F2D9F2181003D364E /* Whist ScoresTests.xctest */ = {isa = PBXFileReference; explicitFileType = wrapper.cfbundle; includeInIndex = 0; path = "Whist ScoresTests.xctest"; sourceTree = BUILT_PRODUCTS_DIR; };
		9525AD292D9F2181003D364E /* Whist ScoresUITests.xctest */ = {isa = PBXFileReference; explicitFileType = wrapper.cfbundle; includeInIndex = 0; path = "Whist ScoresUITests.xctest"; sourceTree = BUILT_PRODUCTS_DIR; };
		95CE25A52E365728001818FE /* GoogleService-Info.plist */ = {isa = PBXFileReference; lastKnownFileType = text.plist.xml; path = "GoogleService-Info.plist"; sourceTree = "<group>"; };
/* End PBXFileReference section */

/* Begin PBXFileSystemSynchronizedRootGroup section */
		9525AD142D9F217F003D364E /* Whist Scores */ = {
			isa = PBXFileSystemSynchronizedRootGroup;
			path = "Whist Scores";
			sourceTree = "<group>";
		};
		9525AD222D9F2181003D364E /* Whist ScoresTests */ = {
			isa = PBXFileSystemSynchronizedRootGroup;
			path = "Whist ScoresTests";
			sourceTree = "<group>";
		};
		9525AD2C2D9F2181003D364E /* Whist ScoresUITests */ = {
			isa = PBXFileSystemSynchronizedRootGroup;
			path = "Whist ScoresUITests";
			sourceTree = "<group>";
		};
/* End PBXFileSystemSynchronizedRootGroup section */

/* Begin PBXFrameworksBuildPhase section */
		9525AD0F2D9F217F003D364E /* Frameworks */ = {
			isa = PBXFrameworksBuildPhase;
			buildActionMask = 2147483647;
			files = (
				9584A7232E33C70400033950 /* FirebaseAppCheck in Frameworks */,
				9584A7212E33C70400033950 /* FirebaseAnalytics in Frameworks */,
				9584A7252E33C70400033950 /* FirebaseAppDistribution-Beta in Frameworks */,
				9584A7292E33C70400033950 /* FirebaseFirestore in Frameworks */,
				9584A7272E33C70400033950 /* FirebaseAuth in Frameworks */,
			);
			runOnlyForDeploymentPostprocessing = 0;
		};
		9525AD1C2D9F2181003D364E /* Frameworks */ = {
			isa = PBXFrameworksBuildPhase;
			buildActionMask = 2147483647;
			files = (
			);
			runOnlyForDeploymentPostprocessing = 0;
		};
		9525AD262D9F2181003D364E /* Frameworks */ = {
			isa = PBXFrameworksBuildPhase;
			buildActionMask = 2147483647;
			files = (
			);
			runOnlyForDeploymentPostprocessing = 0;
		};
/* End PBXFrameworksBuildPhase section */

/* Begin PBXGroup section */
		9525AD092D9F217F003D364E = {
			isa = PBXGroup;
			children = (
				9525AD142D9F217F003D364E /* Whist Scores */,
				9525AD222D9F2181003D364E /* Whist ScoresTests */,
				9525AD2C2D9F2181003D364E /* Whist ScoresUITests */,
				9584A71F2E33C70400033950 /* Frameworks */,
				9525AD132D9F217F003D364E /* Products */,
				95CE25A52E365728001818FE /* GoogleService-Info.plist */,
			);
			sourceTree = "<group>";
		};
		9525AD132D9F217F003D364E /* Products */ = {
			isa = PBXGroup;
			children = (
				9525AD122D9F217F003D364E /* Whist Scores.app */,
				9525AD1F2D9F2181003D364E /* Whist ScoresTests.xctest */,
				9525AD292D9F2181003D364E /* Whist ScoresUITests.xctest */,
			);
			name = Products;
			sourceTree = "<group>";
		};
		9584A71F2E33C70400033950 /* Frameworks */ = {
			isa = PBXGroup;
			children = (
			);
			name = Frameworks;
			sourceTree = "<group>";
		};
/* End PBXGroup section */

/* Begin PBXNativeTarget section */
		9525AD112D9F217F003D364E /* Whist Scores */ = {
			isa = PBXNativeTarget;
			buildConfigurationList = 9525AD332D9F2181003D364E /* Build configuration list for PBXNativeTarget "Whist Scores" */;
			buildPhases = (
				9525AD0E2D9F217F003D364E /* Sources */,
				9525AD0F2D9F217F003D364E /* Frameworks */,
				9525AD102D9F217F003D364E /* Resources */,
			);
			buildRules = (
			);
			dependencies = (
			);
			fileSystemSynchronizedGroups = (
				9525AD142D9F217F003D364E /* Whist Scores */,
			);
			name = "Whist Scores";
			packageProductDependencies = (
				9584A7202E33C70400033950 /* FirebaseAnalytics */,
				9584A7222E33C70400033950 /* FirebaseAppCheck */,
				9584A7242E33C70400033950 /* FirebaseAppDistribution-Beta */,
				9584A7262E33C70400033950 /* FirebaseAuth */,
				9584A7282E33C70400033950 /* FirebaseFirestore */,
			);
			productName = "Whist Scores";
			productReference = 9525AD122D9F217F003D364E /* Whist Scores.app */;
			productType = "com.apple.product-type.application";
		};
		9525AD1E2D9F2181003D364E /* Whist ScoresTests */ = {
			isa = PBXNativeTarget;
			buildConfigurationList = 9525AD362D9F2181003D364E /* Build configuration list for PBXNativeTarget "Whist ScoresTests" */;
			buildPhases = (
				9525AD1B2D9F2181003D364E /* Sources */,
				9525AD1C2D9F2181003D364E /* Frameworks */,
				9525AD1D2D9F2181003D364E /* Resources */,
			);
			buildRules = (
			);
			dependencies = (
				9525AD212D9F2181003D364E /* PBXTargetDependency */,
			);
			fileSystemSynchronizedGroups = (
				9525AD222D9F2181003D364E /* Whist ScoresTests */,
			);
			name = "Whist ScoresTests";
			packageProductDependencies = (
			);
			productName = "Whist ScoresTests";
			productReference = 9525AD1F2D9F2181003D364E /* Whist ScoresTests.xctest */;
			productType = "com.apple.product-type.bundle.unit-test";
		};
		9525AD282D9F2181003D364E /* Whist ScoresUITests */ = {
			isa = PBXNativeTarget;
			buildConfigurationList = 9525AD392D9F2181003D364E /* Build configuration list for PBXNativeTarget "Whist ScoresUITests" */;
			buildPhases = (
				9525AD252D9F2181003D364E /* Sources */,
				9525AD262D9F2181003D364E /* Frameworks */,
				9525AD272D9F2181003D364E /* Resources */,
			);
			buildRules = (
			);
			dependencies = (
				9525AD2B2D9F2181003D364E /* PBXTargetDependency */,
			);
			fileSystemSynchronizedGroups = (
				9525AD2C2D9F2181003D364E /* Whist ScoresUITests */,
			);
			name = "Whist ScoresUITests";
			packageProductDependencies = (
			);
			productName = "Whist ScoresUITests";
			productReference = 9525AD292D9F2181003D364E /* Whist ScoresUITests.xctest */;
			productType = "com.apple.product-type.bundle.ui-testing";
		};
/* End PBXNativeTarget section */

/* Begin PBXProject section */
		9525AD0A2D9F217F003D364E /* Project object */ = {
			isa = PBXProject;
			attributes = {
				BuildIndependentTargetsInParallel = 1;
				LastSwiftUpdateCheck = 1630;
				LastUpgradeCheck = 1630;
				TargetAttributes = {
					9525AD112D9F217F003D364E = {
						CreatedOnToolsVersion = 16.3;
					};
					9525AD1E2D9F2181003D364E = {
						CreatedOnToolsVersion = 16.3;
						TestTargetID = 9525AD112D9F217F003D364E;
					};
					9525AD282D9F2181003D364E = {
						CreatedOnToolsVersion = 16.3;
						TestTargetID = 9525AD112D9F217F003D364E;
					};
				};
			};
			buildConfigurationList = 9525AD0D2D9F217F003D364E /* Build configuration list for PBXProject "Whist Scores" */;
			developmentRegion = en;
			hasScannedForEncodings = 0;
			knownRegions = (
				en,
				Base,
			);
			mainGroup = 9525AD092D9F217F003D364E;
			minimizedProjectReferenceProxies = 1;
			packageReferences = (
				9584A71E2E33C4D100033950 /* XCRemoteSwiftPackageReference "firebase-ios-sdk" */,
			);
			preferredProjectObjectVersion = 77;
			productRefGroup = 9525AD132D9F217F003D364E /* Products */;
			projectDirPath = "";
			projectRoot = "";
			targets = (
				9525AD112D9F217F003D364E /* Whist Scores */,
				9525AD1E2D9F2181003D364E /* Whist ScoresTests */,
				9525AD282D9F2181003D364E /* Whist ScoresUITests */,
			);
		};
/* End PBXProject section */

/* Begin PBXResourcesBuildPhase section */
		9525AD102D9F217F003D364E /* Resources */ = {
			isa = PBXResourcesBuildPhase;
			buildActionMask = 2147483647;
			files = (
				95CE25A62E365728001818FE /* GoogleService-Info.plist in Resources */,
			);
			runOnlyForDeploymentPostprocessing = 0;
		};
		9525AD1D2D9F2181003D364E /* Resources */ = {
			isa = PBXResourcesBuildPhase;
			buildActionMask = 2147483647;
			files = (
			);
			runOnlyForDeploymentPostprocessing = 0;
		};
		9525AD272D9F2181003D364E /* Resources */ = {
			isa = PBXResourcesBuildPhase;
			buildActionMask = 2147483647;
			files = (
			);
			runOnlyForDeploymentPostprocessing = 0;
		};
/* End PBXResourcesBuildPhase section */

/* Begin PBXSourcesBuildPhase section */
		9525AD0E2D9F217F003D364E /* Sources */ = {
			isa = PBXSourcesBuildPhase;
			buildActionMask = 2147483647;
			files = (
			);
			runOnlyForDeploymentPostprocessing = 0;
		};
		9525AD1B2D9F2181003D364E /* Sources */ = {
			isa = PBXSourcesBuildPhase;
			buildActionMask = 2147483647;
			files = (
			);
			runOnlyForDeploymentPostprocessing = 0;
		};
		9525AD252D9F2181003D364E /* Sources */ = {
			isa = PBXSourcesBuildPhase;
			buildActionMask = 2147483647;
			files = (
			);
			runOnlyForDeploymentPostprocessing = 0;
		};
/* End PBXSourcesBuildPhase section */

/* Begin PBXTargetDependency section */
		9525AD212D9F2181003D364E /* PBXTargetDependency */ = {
			isa = PBXTargetDependency;
			target = 9525AD112D9F217F003D364E /* Whist Scores */;
			targetProxy = 9525AD202D9F2181003D364E /* PBXContainerItemProxy */;
		};
		9525AD2B2D9F2181003D364E /* PBXTargetDependency */ = {
			isa = PBXTargetDependency;
			target = 9525AD112D9F217F003D364E /* Whist Scores */;
			targetProxy = 9525AD2A2D9F2181003D364E /* PBXContainerItemProxy */;
		};
/* End PBXTargetDependency section */

/* Begin XCBuildConfiguration section */
		9525AD312D9F2181003D364E /* Debug */ = {
			isa = XCBuildConfiguration;
			buildSettings = {
				ALWAYS_SEARCH_USER_PATHS = NO;
				ASSETCATALOG_COMPILER_GENERATE_SWIFT_ASSET_SYMBOL_EXTENSIONS = YES;
				CLANG_ANALYZER_NONNULL = YES;
				CLANG_ANALYZER_NUMBER_OBJECT_CONVERSION = YES_AGGRESSIVE;
				CLANG_CXX_LANGUAGE_STANDARD = "gnu++20";
				CLANG_ENABLE_MODULES = YES;
				CLANG_ENABLE_OBJC_ARC = YES;
				CLANG_ENABLE_OBJC_WEAK = YES;
				CLANG_WARN_BLOCK_CAPTURE_AUTORELEASING = YES;
				CLANG_WARN_BOOL_CONVERSION = YES;
				CLANG_WARN_COMMA = YES;
				CLANG_WARN_CONSTANT_CONVERSION = YES;
				CLANG_WARN_DEPRECATED_OBJC_IMPLEMENTATIONS = YES;
				CLANG_WARN_DIRECT_OBJC_ISA_USAGE = YES_ERROR;
				CLANG_WARN_DOCUMENTATION_COMMENTS = YES;
				CLANG_WARN_EMPTY_BODY = YES;
				CLANG_WARN_ENUM_CONVERSION = YES;
				CLANG_WARN_INFINITE_RECURSION = YES;
				CLANG_WARN_INT_CONVERSION = YES;
				CLANG_WARN_NON_LITERAL_NULL_CONVERSION = YES;
				CLANG_WARN_OBJC_IMPLICIT_RETAIN_SELF = YES;
				CLANG_WARN_OBJC_LITERAL_CONVERSION = YES;
				CLANG_WARN_OBJC_ROOT_CLASS = YES_ERROR;
				CLANG_WARN_QUOTED_INCLUDE_IN_FRAMEWORK_HEADER = YES;
				CLANG_WARN_RANGE_LOOP_ANALYSIS = YES;
				CLANG_WARN_STRICT_PROTOTYPES = YES;
				CLANG_WARN_SUSPICIOUS_MOVE = YES;
				CLANG_WARN_UNGUARDED_AVAILABILITY = YES_AGGRESSIVE;
				CLANG_WARN_UNREACHABLE_CODE = YES;
				CLANG_WARN__DUPLICATE_METHOD_MATCH = YES;
				COPY_PHASE_STRIP = NO;
				DEBUG_INFORMATION_FORMAT = dwarf;
				DEVELOPMENT_TEAM = LBXFB7E892;
				ENABLE_STRICT_OBJC_MSGSEND = YES;
				ENABLE_TESTABILITY = YES;
				ENABLE_USER_SCRIPT_SANDBOXING = YES;
				GCC_C_LANGUAGE_STANDARD = gnu17;
				GCC_DYNAMIC_NO_PIC = NO;
				GCC_NO_COMMON_BLOCKS = YES;
				GCC_OPTIMIZATION_LEVEL = 0;
				GCC_PREPROCESSOR_DEFINITIONS = (
					"DEBUG=1",
					"$(inherited)",
				);
				GCC_WARN_64_TO_32_BIT_CONVERSION = YES;
				GCC_WARN_ABOUT_RETURN_TYPE = YES_ERROR;
				GCC_WARN_UNDECLARED_SELECTOR = YES;
				GCC_WARN_UNINITIALIZED_AUTOS = YES_AGGRESSIVE;
				GCC_WARN_UNUSED_FUNCTION = YES;
				GCC_WARN_UNUSED_VARIABLE = YES;
				IPHONEOS_DEPLOYMENT_TARGET = 18.4;
				LOCALIZATION_PREFERS_STRING_CATALOGS = YES;
				MTL_ENABLE_DEBUG_INFO = INCLUDE_SOURCE;
				MTL_FAST_MATH = YES;
				ONLY_ACTIVE_ARCH = YES;
				SDKROOT = iphoneos;
				SWIFT_ACTIVE_COMPILATION_CONDITIONS = "DEBUG $(inherited)";
				SWIFT_OPTIMIZATION_LEVEL = "-Onone";
			};
			name = Debug;
		};
		9525AD322D9F2181003D364E /* Release */ = {
			isa = XCBuildConfiguration;
			buildSettings = {
				ALWAYS_SEARCH_USER_PATHS = NO;
				ASSETCATALOG_COMPILER_GENERATE_SWIFT_ASSET_SYMBOL_EXTENSIONS = YES;
				CLANG_ANALYZER_NONNULL = YES;
				CLANG_ANALYZER_NUMBER_OBJECT_CONVERSION = YES_AGGRESSIVE;
				CLANG_CXX_LANGUAGE_STANDARD = "gnu++20";
				CLANG_ENABLE_MODULES = YES;
				CLANG_ENABLE_OBJC_ARC = YES;
				CLANG_ENABLE_OBJC_WEAK = YES;
				CLANG_WARN_BLOCK_CAPTURE_AUTORELEASING = YES;
				CLANG_WARN_BOOL_CONVERSION = YES;
				CLANG_WARN_COMMA = YES;
				CLANG_WARN_CONSTANT_CONVERSION = YES;
				CLANG_WARN_DEPRECATED_OBJC_IMPLEMENTATIONS = YES;
				CLANG_WARN_DIRECT_OBJC_ISA_USAGE = YES_ERROR;
				CLANG_WARN_DOCUMENTATION_COMMENTS = YES;
				CLANG_WARN_EMPTY_BODY = YES;
				CLANG_WARN_ENUM_CONVERSION = YES;
				CLANG_WARN_INFINITE_RECURSION = YES;
				CLANG_WARN_INT_CONVERSION = YES;
				CLANG_WARN_NON_LITERAL_NULL_CONVERSION = YES;
				CLANG_WARN_OBJC_IMPLICIT_RETAIN_SELF = YES;
				CLANG_WARN_OBJC_LITERAL_CONVERSION = YES;
				CLANG_WARN_OBJC_ROOT_CLASS = YES_ERROR;
				CLANG_WARN_QUOTED_INCLUDE_IN_FRAMEWORK_HEADER = YES;
				CLANG_WARN_RANGE_LOOP_ANALYSIS = YES;
				CLANG_WARN_STRICT_PROTOTYPES = YES;
				CLANG_WARN_SUSPICIOUS_MOVE = YES;
				CLANG_WARN_UNGUARDED_AVAILABILITY = YES_AGGRESSIVE;
				CLANG_WARN_UNREACHABLE_CODE = YES;
				CLANG_WARN__DUPLICATE_METHOD_MATCH = YES;
				COPY_PHASE_STRIP = NO;
				DEBUG_INFORMATION_FORMAT = "dwarf-with-dsym";
				DEVELOPMENT_TEAM = LBXFB7E892;
				ENABLE_NS_ASSERTIONS = NO;
				ENABLE_STRICT_OBJC_MSGSEND = YES;
				ENABLE_USER_SCRIPT_SANDBOXING = YES;
				GCC_C_LANGUAGE_STANDARD = gnu17;
				GCC_NO_COMMON_BLOCKS = YES;
				GCC_WARN_64_TO_32_BIT_CONVERSION = YES;
				GCC_WARN_ABOUT_RETURN_TYPE = YES_ERROR;
				GCC_WARN_UNDECLARED_SELECTOR = YES;
				GCC_WARN_UNINITIALIZED_AUTOS = YES_AGGRESSIVE;
				GCC_WARN_UNUSED_FUNCTION = YES;
				GCC_WARN_UNUSED_VARIABLE = YES;
				IPHONEOS_DEPLOYMENT_TARGET = 18.4;
				LOCALIZATION_PREFERS_STRING_CATALOGS = YES;
				MTL_ENABLE_DEBUG_INFO = NO;
				MTL_FAST_MATH = YES;
				SDKROOT = iphoneos;
				SWIFT_COMPILATION_MODE = wholemodule;
				VALIDATE_PRODUCT = YES;
			};
			name = Release;
		};
		9525AD342D9F2181003D364E /* Debug */ = {
			isa = XCBuildConfiguration;
			buildSettings = {
				ASSETCATALOG_COMPILER_APPICON_NAME = AppIcon;
				ASSETCATALOG_COMPILER_GLOBAL_ACCENT_COLOR_NAME = AccentColor;
				CODE_SIGN_ENTITLEMENTS = "Whist Scores/Whist Scores.entitlements";
				CODE_SIGN_STYLE = Automatic;
				CURRENT_PROJECT_VERSION = 1;
				DEVELOPMENT_TEAM = LBXFB7E892;
				ENABLE_PREVIEWS = YES;
				GENERATE_INFOPLIST_FILE = YES;
				INFOPLIST_KEY_UIApplicationSceneManifest_Generation = YES;
				INFOPLIST_KEY_UIApplicationSupportsIndirectInputEvents = YES;
				INFOPLIST_KEY_UILaunchScreen_Generation = YES;
				INFOPLIST_KEY_UIRequiresFullScreen = YES;
				INFOPLIST_KEY_UIStatusBarStyle = "";
				INFOPLIST_KEY_UISupportedInterfaceOrientations = UIInterfaceOrientationPortrait;
				INFOPLIST_KEY_UISupportedInterfaceOrientations_iPad = "UIInterfaceOrientationLandscapeLeft UIInterfaceOrientationLandscapeRight";
				LD_RUNPATH_SEARCH_PATHS = (
					"$(inherited)",
					"@executable_path/Frameworks",
				);
				MARKETING_VERSION = 1.0;
				PRODUCT_BUNDLE_IDENTIFIER = "com.Tony.Whist-Scores";
				PRODUCT_NAME = "$(TARGET_NAME)";
				SWIFT_EMIT_LOC_STRINGS = YES;
				SWIFT_VERSION = 5.0;
				TARGETED_DEVICE_FAMILY = "1,2";
			};
			name = Debug;
		};
		9525AD352D9F2181003D364E /* Release */ = {
			isa = XCBuildConfiguration;
			buildSettings = {
				ASSETCATALOG_COMPILER_APPICON_NAME = AppIcon;
				ASSETCATALOG_COMPILER_GLOBAL_ACCENT_COLOR_NAME = AccentColor;
				CODE_SIGN_ENTITLEMENTS = "Whist Scores/Whist Scores.entitlements";
				CODE_SIGN_STYLE = Automatic;
				CURRENT_PROJECT_VERSION = 1;
				DEVELOPMENT_TEAM = LBXFB7E892;
				ENABLE_PREVIEWS = YES;
				GENERATE_INFOPLIST_FILE = YES;
				INFOPLIST_KEY_UIApplicationSceneManifest_Generation = YES;
				INFOPLIST_KEY_UIApplicationSupportsIndirectInputEvents = YES;
				INFOPLIST_KEY_UILaunchScreen_Generation = YES;
				INFOPLIST_KEY_UIRequiresFullScreen = YES;
				INFOPLIST_KEY_UIStatusBarStyle = "";
				INFOPLIST_KEY_UISupportedInterfaceOrientations = UIInterfaceOrientationPortrait;
				INFOPLIST_KEY_UISupportedInterfaceOrientations_iPad = "UIInterfaceOrientationLandscapeLeft UIInterfaceOrientationLandscapeRight";
				LD_RUNPATH_SEARCH_PATHS = (
					"$(inherited)",
					"@executable_path/Frameworks",
				);
				MARKETING_VERSION = 1.0;
				PRODUCT_BUNDLE_IDENTIFIER = "com.Tony.Whist-Scores";
				PRODUCT_NAME = "$(TARGET_NAME)";
				SWIFT_EMIT_LOC_STRINGS = YES;
				SWIFT_VERSION = 5.0;
				TARGETED_DEVICE_FAMILY = "1,2";
			};
			name = Release;
		};
		9525AD372D9F2181003D364E /* Debug */ = {
			isa = XCBuildConfiguration;
			buildSettings = {
				BUNDLE_LOADER = "$(TEST_HOST)";
				CODE_SIGN_STYLE = Automatic;
				CURRENT_PROJECT_VERSION = 1;
				DEVELOPMENT_TEAM = LBXFB7E892;
				GENERATE_INFOPLIST_FILE = YES;
				IPHONEOS_DEPLOYMENT_TARGET = 18.4;
				MARKETING_VERSION = 1.0;
				PRODUCT_BUNDLE_IDENTIFIER = "com.Tony.Whist-ScoresTests";
				PRODUCT_NAME = "$(TARGET_NAME)";
				SWIFT_EMIT_LOC_STRINGS = NO;
				SWIFT_VERSION = 5.0;
				TARGETED_DEVICE_FAMILY = "1,2";
				TEST_HOST = "$(BUILT_PRODUCTS_DIR)/Whist Scores.app/$(BUNDLE_EXECUTABLE_FOLDER_PATH)/Whist Scores";
			};
			name = Debug;
		};
		9525AD382D9F2181003D364E /* Release */ = {
			isa = XCBuildConfiguration;
			buildSettings = {
				BUNDLE_LOADER = "$(TEST_HOST)";
				CODE_SIGN_STYLE = Automatic;
				CURRENT_PROJECT_VERSION = 1;
				DEVELOPMENT_TEAM = LBXFB7E892;
				GENERATE_INFOPLIST_FILE = YES;
				IPHONEOS_DEPLOYMENT_TARGET = 18.4;
				MARKETING_VERSION = 1.0;
				PRODUCT_BUNDLE_IDENTIFIER = "com.Tony.Whist-ScoresTests";
				PRODUCT_NAME = "$(TARGET_NAME)";
				SWIFT_EMIT_LOC_STRINGS = NO;
				SWIFT_VERSION = 5.0;
				TARGETED_DEVICE_FAMILY = "1,2";
				TEST_HOST = "$(BUILT_PRODUCTS_DIR)/Whist Scores.app/$(BUNDLE_EXECUTABLE_FOLDER_PATH)/Whist Scores";
			};
			name = Release;
		};
		9525AD3A2D9F2181003D364E /* Debug */ = {
			isa = XCBuildConfiguration;
			buildSettings = {
				CODE_SIGN_STYLE = Automatic;
				CURRENT_PROJECT_VERSION = 1;
				DEVELOPMENT_TEAM = LBXFB7E892;
				GENERATE_INFOPLIST_FILE = YES;
				MARKETING_VERSION = 1.0;
				PRODUCT_BUNDLE_IDENTIFIER = "com.Tony.Whist-ScoresUITests";
				PRODUCT_NAME = "$(TARGET_NAME)";
				SWIFT_EMIT_LOC_STRINGS = NO;
				SWIFT_VERSION = 5.0;
				TARGETED_DEVICE_FAMILY = "1,2";
				TEST_TARGET_NAME = "Whist Scores";
			};
			name = Debug;
		};
		9525AD3B2D9F2181003D364E /* Release */ = {
			isa = XCBuildConfiguration;
			buildSettings = {
				CODE_SIGN_STYLE = Automatic;
				CURRENT_PROJECT_VERSION = 1;
				DEVELOPMENT_TEAM = LBXFB7E892;
				GENERATE_INFOPLIST_FILE = YES;
				MARKETING_VERSION = 1.0;
				PRODUCT_BUNDLE_IDENTIFIER = "com.Tony.Whist-ScoresUITests";
				PRODUCT_NAME = "$(TARGET_NAME)";
				SWIFT_EMIT_LOC_STRINGS = NO;
				SWIFT_VERSION = 5.0;
				TARGETED_DEVICE_FAMILY = "1,2";
				TEST_TARGET_NAME = "Whist Scores";
			};
			name = Release;
		};
/* End XCBuildConfiguration section */

/* Begin XCConfigurationList section */
		9525AD0D2D9F217F003D364E /* Build configuration list for PBXProject "Whist Scores" */ = {
			isa = XCConfigurationList;
			buildConfigurations = (
				9525AD312D9F2181003D364E /* Debug */,
				9525AD322D9F2181003D364E /* Release */,
			);
			defaultConfigurationIsVisible = 0;
			defaultConfigurationName = Release;
		};
		9525AD332D9F2181003D364E /* Build configuration list for PBXNativeTarget "Whist Scores" */ = {
			isa = XCConfigurationList;
			buildConfigurations = (
				9525AD342D9F2181003D364E /* Debug */,
				9525AD352D9F2181003D364E /* Release */,
			);
			defaultConfigurationIsVisible = 0;
			defaultConfigurationName = Release;
		};
		9525AD362D9F2181003D364E /* Build configuration list for PBXNativeTarget "Whist ScoresTests" */ = {
			isa = XCConfigurationList;
			buildConfigurations = (
				9525AD372D9F2181003D364E /* Debug */,
				9525AD382D9F2181003D364E /* Release */,
			);
			defaultConfigurationIsVisible = 0;
			defaultConfigurationName = Release;
		};
		9525AD392D9F2181003D364E /* Build configuration list for PBXNativeTarget "Whist ScoresUITests" */ = {
			isa = XCConfigurationList;
			buildConfigurations = (
				9525AD3A2D9F2181003D364E /* Debug */,
				9525AD3B2D9F2181003D364E /* Release */,
			);
			defaultConfigurationIsVisible = 0;
			defaultConfigurationName = Release;
		};
/* End XCConfigurationList section */

/* Begin XCRemoteSwiftPackageReference section */
		9584A71E2E33C4D100033950 /* XCRemoteSwiftPackageReference "firebase-ios-sdk" */ = {
			isa = XCRemoteSwiftPackageReference;
			repositoryURL = "https://github.com/firebase/firebase-ios-sdk";
			requirement = {
				kind = upToNextMajorVersion;
				minimumVersion = 12.0.0;
			};
		};
/* End XCRemoteSwiftPackageReference section */

/* Begin XCSwiftPackageProductDependency section */
		9584A7202E33C70400033950 /* FirebaseAnalytics */ = {
			isa = XCSwiftPackageProductDependency;
			package = 9584A71E2E33C4D100033950 /* XCRemoteSwiftPackageReference "firebase-ios-sdk" */;
			productName = FirebaseAnalytics;
		};
		9584A7222E33C70400033950 /* FirebaseAppCheck */ = {
			isa = XCSwiftPackageProductDependency;
			package = 9584A71E2E33C4D100033950 /* XCRemoteSwiftPackageReference "firebase-ios-sdk" */;
			productName = FirebaseAppCheck;
		};
		9584A7242E33C70400033950 /* FirebaseAppDistribution-Beta */ = {
			isa = XCSwiftPackageProductDependency;
			package = 9584A71E2E33C4D100033950 /* XCRemoteSwiftPackageReference "firebase-ios-sdk" */;
			productName = "FirebaseAppDistribution-Beta";
		};
		9584A7262E33C70400033950 /* FirebaseAuth */ = {
			isa = XCSwiftPackageProductDependency;
			package = 9584A71E2E33C4D100033950 /* XCRemoteSwiftPackageReference "firebase-ios-sdk" */;
			productName = FirebaseAuth;
		};
		9584A7282E33C70400033950 /* FirebaseFirestore */ = {
			isa = XCSwiftPackageProductDependency;
			package = 9584A71E2E33C4D100033950 /* XCRemoteSwiftPackageReference "firebase-ios-sdk" */;
			productName = FirebaseFirestore;
		};
/* End XCSwiftPackageProductDependency section */
	};
	rootObject = 9525AD0A2D9F217F003D364E /* Project object */;
}
